# This file is automatically @generated by Poetry 2.4.1 and should not be changed by hand.

[[package]]
name = "flatbuffers"
version = "25.12.19"
description = "The FlatBuffers serialization format for Python"
optional = false
python-versions = "*"
groups = ["main"]
files = [
    {file = "flatbuffers-25.12.19-py2.py3-none-any.whl", hash = "sha256:7634f50c427838bb021c2d66a3d1168e9d199b0607e6329399f04846d42e20b4"},
]

[[package]]
name = "numpy"
version = "2.5.2"
description = "Fundamental package for array computing in Python"
optional = false
python-versions = ">=3.12"
groups = ["main"]
files = [
    {file = "numpy-2.5.2-cp312-cp312-macosx_10_13_x86_64.whl", hash = "sha256:14e373cfc6387177e8409dac3c7159be8eb05cd77096cd7c950268b86f62831c"},
    {file = "numpy-2.5.2-cp312-cp312-macosx_11_0_arm64.whl", hash = "sha256:4bbd96c833ecc8cc069ce518078fc8c60cb9cbfb0fea5b7a803ad65035596d03"},
    {file = "numpy-2.5.2-cp312-cp312-macosx_14_0_arm64.whl", hash = "sha256:6e8172ddfcf5cf74b811d372b570b83c60bd2de87a6fbfbebdadb4a9bd9c6cbb"},
    {file = "numpy-2.5.2-cp312-cp312-macosx_14_0_x86_64.whl", hash = "sha256:65f188481f1669e26f62b701e8205d19e460fa4a9b52a1414ba382330e4a3414"},
    {file = "numpy-2.5.2-cp312-cp312-manylinux_2_27_aarch64.manylinux_2_28_aarch64.whl", hash = "sha256:8ee9c4eeb8454b3660a8b53493563c3e121c2fc94fbd72b848ef814ed7b676a9"},
    {file = "numpy-2.5.2-cp312-cp312-manylinux_2_27_x86_64.manylinux_2_28_x86_64.whl", hash = "sha256:3cdec01fa790a186d430433fdd4d4ffb70eed6f0eeb4bf05c8dbe2dce0a9bcb8"},
    {file = "numpy-2.5.2-cp312-cp312-musllinux_1_2_aarch64.whl", hash = "sha256:7999d4ddb0c4025018373fd787510d46e04c769467af22869707b3c1cfd459ab"},
    {file = "numpy-2.5.2-cp312-cp312-musllinux_1_2_x86_64.whl", hash = "sha256:c1f017dc0875c9209d219f97feceb7d54c2661bb243deb4114478e1295808af7"},
    {file = "numpy-2.5.2-cp312-cp312-win32.whl", hash = "sha256:d6a48072864e3324e194a8fbb3c657bcc5b5c869dbc64c9537b1d5c862572c0a"},
    {file = "numpy-2.5.2-cp312-cp312-win_amd64.whl", hash = "sha256:28ac63476ec7651484215ee7fa15a1f78b57c14621f01e392afe17b9a1390ce4"},
    {file = "numpy-2.5.2-cp312-cp312-win_arm64.whl", hash = "sha256:27650bb0e7140fa3d37b9923b4803645e0b125d190f326eecfd3f4dad8e8ade1"},
    {file = "numpy-2.5.2-cp313-cp313-macosx_10_13_x86_64.whl", hash = "sha256:8e4cb9a754c8a0c62eaa88273a5fba3391f4a610d1dee893c0755da31c083f15"},
    {file = "numpy-2.5.2-cp313-cp313-macosx_11_0_arm64.whl", hash = "sha256:52c808f96484f5571a5cc863775ce50247c17dfb3b0361f8ed6b4b0456f80080"},
    {file = "numpy-2.5.2-cp313-cp313-macosx_14_0_arm64.whl", hash = "sha256:29d81e97f668489cba8ebfd796b9bdd453525d35dd9e162e2daec94bf3fc7740"},
    {file = "numpy-2.5.2-cp313-cp313-macosx_14_0_x86_64.whl", hash = "sha256:afb3f0632d6b2e3ba04dbce8d1e48d321b369138b73830b5ca371a0e8d479d56"},
    {file = "numpy-2.5.2-cp313-cp313-manylinux_2_27_aarch64.manylinux_2_28_aarch64.whl", hash = "sha256:0aadf13b60048d501e05fa699efaf7734e2494f3498a4c2a5521d822640324f3"},
    {file = "numpy-2.5.2-cp313-cp313-manylinux_2_27_x86_64.manylinux_2_28_x86_64.whl", hash = "sha256:29b86ff8a6cc556b47ec6b64b194815cc80e6bf5eedcc6cddfd65318cb0b4eee"},
    {file = "numpy-2.5.2-cp313-cp313-musllinux_1_2_aarch64.whl", hash = "sha256:6950c4b7dd562453090548ba7f5da7e59f57f85663f15d5dcc60e249192f7e59"},
    {file = "numpy-2.5.2-cp313-cp313-musllinux_1_2_x86_64.whl", hash = "sha256:b9727f472d2f3888053b8a75ab0cb94745a9de224bb5846dbadc0092101bc71d"},
    {file = "numpy-2.5.2-cp313-cp313-win32.whl", hash = "sha256:4f9744f9fbdcea0bc552e8f19e1f141f811a3f9bc2be2cc6e86d982cab23e3f4"},
    {file = "numpy-2.5.2-cp313-cp313-win_amd64.whl", hash = "sha256:85aaccb24182c25df891ad0ec333585967e115269d5f1b17f2c9ae005bc96657"},
    {file = "numpy-2.5.2-cp313-cp313-win_arm64.whl", hash = "sha256:bd68ece1553d2023c09a4226d9e41c586ad2d20594d1a456186c33513d2cb3f2"},
    {file = "numpy-2.5.2-cp314-cp314-macosx_10_15_x86_64.whl", hash = "sha256:d787cf769c3baeb5f6235e778edb52c08dfa923789b5958f28e6450f96107cb1"},
    {file = "numpy-2.5.2-cp314-cp314-macosx_11_0_arm64.whl", hash = "sha256:24b9dc2e3d84aa58523798805194e23e736f3f6ce2d1a5b92583ae734e6dbda8"},
    {file = "numpy-2.5.2-cp314-cp314-macosx_14_0_arm64.whl", hash = "sha256:9e9413326d726c2545bfa65d2c0876871e8d8386e77f992c1d426e180bbd4323"},
    {file = "numpy-2.5.2-cp314-cp314-macosx_14_0_x86_64.whl", hash = "sha256:60e902ac295855348a5ca2ea4c89108989a9f5fddfad3dfc0a8f36b10358567e"},
    {file = "numpy-2.5.2-cp314-cp314-manylinux_2_27_aarch64.manylinux_2_28_aarch64.whl", hash = "sha256:50e500dc868e9313530ce12ba470fe50ff3afe3d62993ed6eff652dacd555b65"},
    {file = "numpy-2.5.2-cp314-cp314-manylinux_2_27_x86_64.manylinux_2_28_x86_64.whl", hash = "sha256:318b9a4c845dbea06708a29c84ee429cc3065048db34cdb799047643492050ee"},
    {file = "numpy-2.5.2-cp314-cp314-musllinux_1_2_aarch64.whl", hash = "sha256:34c319e2963be042673fb46570501b2f06c41924e17e3563d58646b4380dfb68"},
    {file = "numpy-2.5.2-cp314-cp314-musllinux_1_2_x86_64.whl", hash = "sha256:f06571a052127dc1b4e8b83029b4d1b20daa2b64a31cdd181fc6bc774e9000eb"},
    {file = "numpy-2.5.2-cp314-cp314-win32.whl", hash = "sha256:2cc779226e476d1e1f08c74068c419e60f41a9e0e069c92f6671d31d5c985e98"},
    {file = "numpy-2.5.2-cp314-cp314-win_amd64.whl", hash = "sha256:7587f53dfbd5edc0f7b87c6217b4c6d2d1f2ef9c3da70bc1315e7db5f8d7ec9d"},
    {file = "numpy-2.5.2-cp314-cp314-win_arm64.whl", hash = "sha256:3e4c367352d3747784248a227fbec218e193b56f7e6692e3b64fc805478ecfdf"},
    {file = "numpy-2.5.2-cp314-cp314t-macosx_11_0_arm64.whl", hash = "sha256:b879fb674276e331513fb136b78dbc6bd3c848309e0d841cfd63be3896c4cfc1"},
    {file = "numpy-2.5.2-cp314-cp314t-macosx_14_0_arm64.whl", hash = "sha256:fd0d703772bba096843785bd38371e31bb4a0c1151497ad5739d182114a73f7f"},
    {file = "numpy-2.5.2-cp314-cp314t-macosx_14_0_x86_64.whl", hash = "sha256:3a2f061cebd9e3d23bdcfaaded5e2293a4c6a5b60fa42df85d410a725ce621bf"},
    {file = "numpy-2.5.2-cp314-cp314t-manylinux_2_27_aarch64.manylinux_2_28_aarch64.whl", hash = "sha256:6df895598c0edcb41030126c89e0f353b07d93238116143b7405e937359736c4"},
    {file = "numpy-2.5.2-cp314-cp314t-manylinux_2_27_x86_64.manylinux_2_28_x86_64.whl", hash = "sha256:1ab3d4a901f844ea836c3e80bf463c6a27d7f3c14e8e292fcf28d348b25b9bce"},
    {file = "numpy-2.5.2-cp314-cp314t-musllinux_1_2_aarch64.whl", hash = "sha256:cebc2d6dbb605a7703d59751dea4bd6b0ab127a5a4338a6f432df1936fef8b26"},
    {file = "numpy-2.5.2-cp314-cp314t-musllinux_1_2_x86_64.whl", hash = "sha256:eaca7ff36f0f52e2111ec71f169d8fd3e889e7ddc0d2592e0d703fd8d3ce8fac"},
    {file = "numpy-2.5.2-cp314-cp314t-win32.whl", hash = "sha256:ddf47472af2e4280d79bac82304f5e80150211f1b9e614b760061d5fdfbb6eba"},
    {file = "numpy-2.5.2-cp314-cp314t-win_amd64.whl", hash = "sha256:44ef9675d908e65f9953063837c3277730f3f4437615a4cdab67b366cabaf884"},
    {file = "numpy-2.5.2-cp314-cp314t-win_arm64.whl", hash = "sha256:eaa088384c46f519dacb93b7ec483a6d6b19a4a2085ae4f25ab9b1c43d387d1e"},
    {file = "numpy-2.5.2-cp315-cp315-macosx_10_15_x86_64.whl", hash = "sha256:078f9b027b478c9379b9677babbf0f8b8f1ecfada27636d7b9a93990c638739f"},
    {file = "numpy-2.5.2-cp315-cp315-macosx_11_0_arm64.whl", hash = "sha256:50a68f4bacd8a2b33d8da3d2269d0d78500f86ea582e4786dc10f5ef2c2c6842"},
    {file = "numpy-2.5.2-cp315-cp315-macosx_14_0_arm64.whl", hash = "sha256:e79aba74ffaf5f78a050d777c184cddf8fdffabab38acf5f3ef1fecbc17895d6"},
    {file = "numpy-2.5.2-cp315-cp315-macosx_14_0_x86_64.whl", hash = "sha256:9a0731745a72a184490a582fb4af2533512bd071ace67785b5fdffc0ae58dce8"},
    {file = "numpy-2.5.2-cp315-cp315-manylinux_2_27_aarch64.manylinux_2_28_aarch64.whl", hash = "sha256:4ec954036759bcee3aa484f8603bd9c14f3e776293b85578b8734c2d72777c69"},
    {file = "numpy-2.5.2-cp315-cp315-manylinux_2_27_x86_64.manylinux_2_28_x86_64.whl", hash = "sha256:dc649493697006bc90614a5f0bbc8cb3cb1866715c474e473694968d7e6b99ab"},
    {file = "numpy-2.5.2-cp315-cp315-musllinux_1_2_aarch64.whl", hash = "sha256:cf7de32f486e4ac9e2d93b810f9e9ac72a728dd46a32a0bb403222f27f653514"},
    {file = "numpy-2.5.2-cp315-cp315-musllinux_1_2_x86_64.whl", hash = "sha256:2ffa7bacab3e2ee1b19ed31766bb60bb380b68c23f051e199c5cc598afd68710"},
    {file = "numpy-2.5.2-cp315-cp315-win32.whl", hash = "sha256:6b588cc8f902d6bff201c19fd00c43ab8545671e3554d014e12e14139e5e8617"},
    {file = "numpy-2.5.2-cp315-cp315-win_amd64.whl", hash = "sha256:07d4e89f3a9ab0a9ba24264ccdb642b3dd951b2281e8883a5481a4aa79cc31a7"},
    {file = "numpy-2.5.2-cp315-cp315-win_arm64.whl", hash = "sha256:a610dc7e3c52edd39c2bc2375ff9c3fd59cb3ad00e4472d36f83bc1457145788"},
    {file = "numpy-2.5.2-cp315-cp315t-macosx_10_15_x86_64.whl", hash = "sha256:40f4d451aed46a8046a1aae41c4e55fb3612273df9c502480135e1501576a34b"},
    {file = "numpy-2.5.2-cp315-cp315t-macosx_11_0_arm64.whl", hash = "sha256:c081cbe16ba1ab53078e5ff29013621e33c509eedab055775d956427712c236e"},
    {file = "numpy-2.5.2-cp315-cp315t-macosx_14_0_arm64.whl", hash = "sha256:0090ccdd57ec2703e9b49d0bf554767370581c1dd0a6b2bb2b2d9def317d042a"},
    {file = "numpy-2.5.2-cp315-cp315t-macosx_14_0_x86_64.whl", hash = "sha256:6a9bb119fb8dd21ba30b3f0e555b7e2b081bd9883af21ec9c1c633d161cda3a8"},
    {file = "numpy-2.5.2-cp315-cp315t-manylinux_2_27_aarch64.manylinux_2_28_aarch64.whl", hash = "sha256:a839318485284a6fb31be4f8f2c91c8f2cb22f4543c4a8903f12b0671ffe07cc"},
    {file = "numpy-2.5.2-cp315-cp315t-manylinux_2_27_x86_64.manylinux_2_28_x86_64.whl", hash = "sha256:ba0a474801b8dc67b66bf465548abc90e82b44d2611b5770f33008dcabffe8ec"},
    {file = "numpy-2.5.2-cp315-cp315t-musllinux_1_2_aarch64.whl", hash = "sha256:0a4035ae1129ff8777f08bfbd44f1e5d8e9c049ce0c2dd78fc0d92c13e7251c0"},
    {file = "numpy-2.5.2-cp315-cp315t-musllinux_1_2_x86_64.whl", hash = "sha256:77843ca236b777e67f8d6b3660ea116e499612703a0ecd7093f316201eb9d8e2"},
    {file = "numpy-2.5.2-cp315-cp315t-win32.whl", hash = "sha256:7354826bc6f8f69402e9b7fe28d15fcd34feebd74f856f111585c5b0c9fb0251"},
    {file = "numpy-2.5.2-cp315-cp315t-win_amd64.whl", hash = "sha256:e5651f3f87add730ee6608d915009e19c911fba0cb000c7e3ea994b7d768eb12"},
    {file = "numpy-2.5.2-cp315-cp315t-win_arm64.whl", hash = "sha256:5f8e00be2ec6f45f4e8a41a527f68d44a7d96fee92a650e4d8b1326f77f61e6e"},
    {file = "numpy-2.5.2.tar.gz", hash = "sha256:d482d171c406ae88c5b19cad3b6a1c4c5209f886ab74bc44c2c865c23f52d860"},
]

[[package]]
name = "onnxruntime"
version = "1.29.0"
description = "ONNX Runtime is a runtime accelerator for Machine Learning models"
optional = false
python-versions = ">=3.11"
groups = ["main"]
files = [
    {file = "onnxruntime-1.29.0-cp311-cp311-macosx_14_0_arm64.whl", hash = "sha256:07c5907474dec4a2792fd7626b753dc66707808385a6d9eecf993db0066a9d0f"},
    {file = "onnxruntime-1.29.0-cp311-cp311-manylinux_2_28_aarch64.whl", hash = "sha256:16925ef8497e2c07e4b5ae15b504079b3ab3f65e22c58efd10dde0f3caea969a"},
    {file = "onnxruntime-1.29.0-cp311-cp311-manylinux_2_28_x86_64.whl", hash = "sha256:85f8e8406c52658735fe5c7fbfd3ebaa1ed340768324f6252e4274e374580a23"},
    {file = "onnxruntime-1.29.0-cp311-cp311-win_amd64.whl", hash = "sha256:0d4f427afac434b0070fe992b540ddf20a7aff2265f760f314d91331935b6b98"},
    {file = "onnxruntime-1.29.0-cp311-cp311-win_arm64.whl", hash = "sha256:4eae472cf7dc3107dec1bb53cd6d142d1964616d08aae48654cd4254b2363c4b"},
    {file = "onnxruntime-1.29.0-cp312-cp312-macosx_14_0_arm64.whl", hash = "sha256:3a3814c041251d6a77fdf513fb282056538ee826d2f1178a0df3c549d3fff6ba"},
    {file = "onnxruntime-1.29.0-cp312-cp312-manylinux_2_28_aarch64.whl", hash = "sha256:d2fb19e848f7c33ed8d3182b52504aaa11c5e8da438bbb47296f85b133cbcf6b"},
    {file = "onnxruntime-1.29.0-cp312-cp312-manylinux_2_28_x86_64.whl", hash = "sha256:2b80d8c7ec2cc7438e4da3760b88c24568cba72c9ace96d668800a6c79419acb"},
    {file = "onnxruntime-1.29.0-cp312-cp312-win_amd64.whl", hash = "sha256:4acf2b4948b7ede87221ca6332344b8facdc8059d6ac751a7d367d04532b02dd"},
    {file = "onnxruntime-1.29.0-cp312-cp312-win_arm64.whl", hash = "sha256:dc61a79cb39afd66ab3f01fd2c23591a7f01de89c1668e1fb6315067fc279164"},
    {file = "onnxruntime-1.29.0-cp313-cp313-macosx_14_0_arm64.whl", hash = "sha256:be0f8ed688cfb1d4d5765a137193b7bfab0c8ea214eed99260b380bb525a3a7f"},
    {file = "onnxruntime-1.29.0-cp313-cp313-manylinux_2_28_aarch64.whl", hash = "sha256:d67673c5367727860922c5262d724472f1b5539fb7ccf4c81a638f9b71719803"},
    {file = "onnxruntime-1.29.0-cp313-cp313-manylinux_2_28_x86_64.whl", hash = "sha256:e2128f31f449e922c62dbe5d8b6b7b079f0bcaf2d56a102fa203cb6e5bb5ab19"},
    {file = "onnxruntime-1.29.0-cp313-cp313-win_amd64.whl", hash = "sha256:2945e1f82f81f27e88decea88c7861f45baea23818950d467bf3909aa303119e"},
    {file = "onnxruntime-1.29.0-cp313-cp313-win_arm64.whl", hash = "sha256:4b940b0d777590c7e20bf298f5c16af1ea6ad1b400a1c822a6be192f64f4d954"},
    {file = "onnxruntime-1.29.0-cp313-cp313t-manylinux_2_28_aarch64.whl", hash = "sha256:533f8370ce124304e5cb08ab961836cf755631e3dd77adc5f3bbdab70c2b7d99"},
    {file = "onnxruntime-1.29.0-cp313-cp313t-manylinux_2_28_x86_64.whl", hash = "sha256:c1ad3f437153fe77f9d01a08fbaac0beb030e09b8a80ace1603bcf69b6c95481"},
    {file = "onnxruntime-1.29.0-cp314-cp314-macosx_14_0_arm64.whl", hash = "sha256:e74b278af1d949876f5d91d1268fd6c680e79f2bac194967394eaba9fdf69e7e"},
    {file = "onnxruntime-1.29.0-cp314-cp314-manylinux_2_28_aarch64.whl", hash = "sha256:939e5d65f332e6d399774b2bd0d3559fd8fa629c1e77833db29d968d2384f23d"},
    {file = "onnxruntime-1.29.0-cp314-cp314-manylinux_2_28_x86_64.whl", hash = "sha256:6c0c37b92f67ed68dd36221ce0403e1d9bd4f7efce724439978a2597848530e5"},
    {file = "onnxruntime-1.29.0-cp314-cp314-win_amd64.whl", hash = "sha256:4a3129ae56e70d2618ff773920166916310370a7e3cacb60b9e0e8910092725f"},
    {file = "onnxruntime-1.29.0-cp314-cp314-win_arm64.whl", hash = "sha256:e417ef8628dcce310d2d53023e750ea298ec14d4341ae6dc3a572bfd9bc7fa97"},
    {file = "onnxruntime-1.29.0-cp314-cp314t-manylinux_2_28_aarch64.whl", hash = "sha256:11264bb58f7b7cf6af835ab10d36838d73680580820fd6f51d90124a1ca8f449"},
    {file = "onnxruntime-1.29.0-cp314-cp314t-manylinux_2_28_x86_64.whl", hash = "sha256:1ea91cef3b971506e51ae9c37c16d027774ec64994a524ec1bdfb027d68a9832"},
]

[package.dependencies]
flatbuffers = "*"
numpy = ">=1.21.6"
packaging = "*"
protobuf = ">=4.25.8"

[package.extras]
quantization = ["ml_dtypes"]
symbolic = ["sympy"]

[[package]]
name = "packaging"
version = "26.3"
description = "Core utilities for Python packages"
optional = false
python-versions = ">=3.9"
groups = ["main"]
files = [
    {file = "packaging-26.3-py3-none-any.whl", hash = "sha256:d7193f7c8e4e93f444fde0262bf90af30e16fa0ad0ad44cb553c87339b23cd1c"},
    {file = "packaging-26.3.tar.gz", hash = "sha256:94edc256424af38762eb31306eed28beb9f0efc50a8837492c9d6fd6004aed79"},
]

[[package]]
name = "pathvalidate"
version = "3.3.1"
description = "pathvalidate is a Python library to sanitize/validate a string such as filenames/file-paths/etc."
optional = false
python-versions = ">=3.9"
groups = ["main"]
files = [
    {file = "pathvalidate-3.3.1-py3-none-any.whl", hash = "sha256:5263baab691f8e1af96092fa5137ee17df5bdfbd6cff1fcac4d6ef4bc2e1735f"},
    {file = "pathvalidate-3.3.1.tar.gz", hash = "sha256:b18c07212bfead624345bb8e1d6141cdcf15a39736994ea0b94035ad2b1ba177"},
]

[package.extras]
docs = ["Sphinx (>=2.4)", "sphinx_rtd_theme (>=1.2.2)", "urllib3 (<2)"]
readme = ["path (>=13,<18)", "readmemaker (>=1.2.0)"]
test = ["Faker (>=1.0.8)", "allpairspy (>=2)", "click (>=6.2)", "pytest (>=6.0.1)", "pytest-md-report (>=0.6.2)"]

[[package]]
name = "piper-tts"
version = "1.7.0"
description = "Fast and local neural text-to-speech engine"
optional = false
python-versions = ">=3.9"
groups = ["main"]
files = [
    {file = "piper_tts-1.7.0-cp39-abi3-macosx_10_9_x86_64.whl", hash = "sha256:68f8e052fe09b4532edd2e2b32de7080c20e477cb8c31118043922023dbbe377"},
    {file = "piper_tts-1.7.0-cp39-abi3-macosx_11_0_arm64.whl", hash = "sha256:b01504ae404631005a88d72d2a5792adff29ccea6c84f20601f7fefcfc5574de"},
    {file = "piper_tts-1.7.0-cp39-abi3-manylinux_2_17_aarch64.manylinux2014_aarch64.manylinux_2_28_aarch64.whl", hash = "sha256:b43b2d299556bd6e87bcb6932fe853f8f89d65d7ad85cc372c89777ad2035d8f"},
    {file = "piper_tts-1.7.0-cp39-abi3-manylinux_2_17_x86_64.manylinux2014_x86_64.manylinux_2_28_x86_64.whl", hash = "sha256:72adc623b977bdbbdf3d6f6bf88d66eda7cfe2ee8e7919a74a5952acb77a339e"},
    {file = "piper_tts-1.7.0-cp39-abi3-win_amd64.whl", hash = "sha256:a2af3dae98e1835a3b1da37e4aa290e6adf41165c7d768e1ce73d9246f867d2c"},
    {file = "piper_tts-1.7.0.tar.gz", hash = "sha256:9d097cc1aa96817c840c0a9d33644ade65e99f9b88d695546cfdf23d0b6b7b8c"},
]

[package.dependencies]
onnxruntime = ">=1,<2"
pathvalidate = ">=3,<4"

[package.extras]
alignment = ["onnx (>=1,<2)"]
dev = ["black (==24.8.0)", "build (==1.2.2)", "cmake (>=3.18,<4)", "flake8 (==7.1.1)", "isort (==5.13.2)", "mypy (==1.14.0)", "ninja (>=1,<2)", "onnx (>=1,<2)", "pylint (==3.2.7)", "pytest (==8.3.4)", "scikit-build (<1)"]
http = ["flask (>=3,<4)"]
ja = ["pyopenjtalk-plus (>=0.4,<1)"]
train = ["cython (>=3,<4)", "jsonargparse[signatures] (>=4.27.7)", "librosa (<1)", "lightning (>=2,<3)", "onnx (>=1,<2)", "pysilero-vad (>=2.1,<3)", "tensorboard (>=2,<3)", "tensorboardX (>=2,<3)", "torch (>=2,<3)"]
zh = ["g2pW (>=0.1.1,<1)", "sentence-stream (>=1.2.1,<2)", "transformers (>=4,<6)", "unicode-rbnf (>=2.4.0,<3)"]

[[package]]
name = "protobuf"
version = "7.36.1"
description = ""
optional = false
python-versions = ">=3.10"
groups = ["main"]
files = [
    {file = "protobuf-7.36.1-cp310-abi3-macosx_10_9_universal2.whl", hash = "sha256:3cf2ee25d006cee57294a1196ea43b37feb78e0dcd1e8af5c1aeddb777655aca"},
    {file = "protobuf-7.36.1-cp310-abi3-manylinux2014_aarch64.whl", hash = "sha256:43d3d37b1eb24c113b9b7d02008cac44e423f00b611b7781ae998d7623972969"},
    {file = "protobuf-7.36.1-cp310-abi3-manylinux2014_s390x.whl", hash = "sha256:39c518c05586c016d7874ff6079ee115bcec1ea5fbb1d177fbf7867ef4c67e44"},
    {file = "protobuf-7.36.1-cp310-abi3-manylinux2014_x86_64.whl", hash = "sha256:97198b77e369a0abd8e262b8f6c7266c55ddb796a3a12c76d7b8881188ed83aa"},
    {file = "protobuf-7.36.1-cp310-abi3-win32.whl", hash = "sha256:0b53ce95272aad50ad25d7ff03373743209822e8ba42ea7fad27d2bee1547d00"},
    {file = "protobuf-7.36.1-cp310-abi3-win_amd64.whl", hash = "sha256:51139351435d9b43d88a55eaa49fb6f737fbb478fb0cbf2cf694d1a04a9d3363"},
    {file = "protobuf-7.36.1-py3-none-any.whl", hash = "sha256:7d951e46b3f963d6c264c367c437921de9d5aedd9c3f9612b9077736b4e3ad5c"},
    {file = "protobuf-7.36.1.tar.gz", hash = "sha256:d0f6470f0ce2b84e3feaea2d4b816378b37ba4d4aa08a274305373de93e2d524"},
]

[metadata]
lock-version = "2.1"
python-versions = ">=3.12,<3.13"
content-hash = "aabbc51e28bc7a1f0c11d9c4a6730392cf342dfe59be8a45d80f8b120e311875"
